[[package]]
name = "pymysql"
version = "1.1.0"
description = "Pure Python MySQL Driver"
category = "main"
optional = false
python-versions = ">=3.7"

[package.extras]
ed25519 = ["PyNaCl (>=1.4.0)"]
rsa = ["cryptography"]

[[package]]
name = "python-dotenv"
version = "1.0.0"
description = "Read key-value pairs from a .env file and set them as environment variables"
category = "main"
optional = false
python-versions = ">=3.8"

[package.extras]
cli = ["click (>=5.0)"]

[metadata]
lock-version = "1.1"
python-versions = "^3.10"
content-hash = "c7b306eef1619ea7bbed87cc2cf56b9e17aa8274d9e433dca55cd709ab550c80"

[metadata.files]
pymysql = []
python-dotenv = []
